lockfile_version: '1'
generated_at: '2026-05-19T14:41:43.311731+00:00'
apm_version: 0.12.1
dependencies:
- repo_url: yukimemi/renri
  host: github.com
  resolved_commit: 045199b3c3904aaf5bc86f093be6b1e7be969674
  resolved_ref: main
  package_type: apm_package
  deployed_files:
  - .agents/skills/renri
  - .claude/skills/renri
  content_hash: sha256:e5e657dbf0e7351f2aed3e850aa6a31bb73bc128a2c10c2428c041f6f5828299
