lockfile_version: '1'
generated_at: '2026-06-08T21:55:21.343081+00:00'
apm_version: 0.12.1
dependencies:
- repo_url: yukimemi/renri
  host: github.com
  resolved_commit: 9c0a36b5af3124efa3ada2b6a0f206063b7f8a83
  resolved_ref: main
  package_type: apm_package
  deployed_files:
  - .agents/skills/renri
  - .claude/skills/renri
  content_hash: sha256:c49ccb7e02f09139adcde2be61f4bdd86871de150c7d37d2ca19608a97fbd9b2
