lockfile_version: '1'
generated_at: '2026-05-24T01:35:43.641324+00:00'
apm_version: 0.12.1
dependencies:
- repo_url: yukimemi/renri
  host: github.com
  resolved_commit: e0644e9f826752293db4e54e2fd74c93bbc1574b
  resolved_ref: main
  package_type: apm_package
  deployed_files:
  - .agents/skills/renri
  - .claude/skills/renri
  content_hash: sha256:3e12841bdbd41bc89dadbc5957d231dbdab85e89e53fb50812c523b902f5a430
